
Microsoft Visual Studio Solution File, Format Version 12.00
# Visual Studio Version 17
VisualStudioVersion = 17.9.34714.143
MinimumVisualStudioVersion = 10.0.40219.1
Project("{FAE04EC0-301F-11D3-BF4B-00C04F79EFBC}") = "BozoSort", "BozoSort\BozoSort.csproj", "{A87CE8E7-9BD3-43B7-8572-30FE67EAD777}"
EndProject
Global
	GlobalSection(SolutionConfigurationPlatforms) = preSolution
		Debug|Any CPU = Debug|Any CPU
		Release|Any CPU = Release|Any CPU
	EndGlobalSection
	GlobalSection(ProjectConfigurationPlatforms) = postSolution
		{A87CE8E7-9BD3-43B7-8572-30FE67EAD777}.Debug|Any CPU.ActiveCfg = Debug|Any CPU
		{A87CE8E7-9BD3-43B7-8572-30FE67EAD777}.Debug|Any CPU.Build.0 = Debug|Any CPU
		{A87CE8E7-9BD3-43B7-8572-30FE67EAD777}.Release|Any CPU.ActiveCfg = Release|Any CPU
		{A87CE8E7-9BD3-43B7-8572-30FE67EAD777}.Release|Any CPU.Build.0 = Release|Any CPU
	EndGlobalSection
	GlobalSection(SolutionProperties) = preSolution
		HideSolutionNode = FALSE
	EndGlobalSection
	GlobalSection(ExtensibilityGlobals) = postSolution
		SolutionGuid = {808A12B0-94EB-4719-9815-02CA0BDE430B}
	EndGlobalSection
EndGlobal
